
Microsoft Visual Studio Solution File, Format Version 12.00
# Visual Studio Version 17
VisualStudioVersion = 17.11.35303.130
MinimumVisualStudioVersion = 10.0.40219.1
Project("{FAE04EC0-301F-11D3-BF4B-00C04F79EFBC}") = "LisaSports.MailcowApi", "LisaSports.MailcowApi.csproj", "{470383CA-969D-43AB-9531-E8541F61EFE5}"
EndProject
Global
	GlobalSection(SolutionConfigurationPlatforms) = preSolution
		Debug|Any CPU = Debug|Any CPU
		Release|Any CPU = Release|Any CPU
	EndGlobalSection
	GlobalSection(ProjectConfigurationPlatforms) = postSolution
		{470383CA-969D-43AB-9531-E8541F61EFE5}.Debug|Any CPU.ActiveCfg = Debug|Any CPU
		{470383CA-969D-43AB-9531-E8541F61EFE5}.Debug|Any CPU.Build.0 = Debug|Any CPU
		{470383CA-969D-43AB-9531-E8541F61EFE5}.Release|Any CPU.ActiveCfg = Release|Any CPU
		{470383CA-969D-43AB-9531-E8541F61EFE5}.Release|Any CPU.Build.0 = Release|Any CPU
	EndGlobalSection
	GlobalSection(SolutionProperties) = preSolution
		HideSolutionNode = FALSE
	EndGlobalSection
	GlobalSection(ExtensibilityGlobals) = postSolution
		SolutionGuid = {450DEDA9-CF56-4CCE-AAFC-2F3C482D40E2}
	EndGlobalSection
EndGlobal
